
Microsoft Visual Studio Solution File, Format Version 12.00
# Visual Studio Version 17
VisualStudioVersion = 17.3.32825.248
MinimumVisualStudioVersion = 10.0.40219.1
Project("{FAE04EC0-301F-11D3-BF4B-00C04F79EFBC}") = "TicTacToe", "TicTacToe.csproj", "{A8DE1BD7-ABB6-47AE-B272-53CA63BFBFC5}"
EndProject
Global
	GlobalSection(SolutionConfigurationPlatforms) = preSolution
		Debug|Any CPU = Debug|Any CPU
		Release|Any CPU = Release|Any CPU
	EndGlobalSection
	GlobalSection(ProjectConfigurationPlatforms) = postSolution
		{A8DE1BD7-ABB6-47AE-B272-53CA63BFBFC5}.Debug|Any CPU.ActiveCfg = Debug|Any CPU
		{A8DE1BD7-ABB6-47AE-B272-53CA63BFBFC5}.Debug|Any CPU.Build.0 = Debug|Any CPU
		{A8DE1BD7-ABB6-47AE-B272-53CA63BFBFC5}.Release|Any CPU.ActiveCfg = Release|Any CPU
		{A8DE1BD7-ABB6-47AE-B272-53CA63BFBFC5}.Release|Any CPU.Build.0 = Release|Any CPU
	EndGlobalSection
	GlobalSection(SolutionProperties) = preSolution
		HideSolutionNode = FALSE
	EndGlobalSection
	GlobalSection(ExtensibilityGlobals) = postSolution
		SolutionGuid = {2C61A0DC-B9FD-44DB-8B18-E05D3AEF453D}
	EndGlobalSection
EndGlobal
